
Microsoft Visual Studio Solution File, Format Version 12.00
# Visual Studio Version 17
VisualStudioVersion = 17.6.33723.286
MinimumVisualStudioVersion = 10.0.40219.1
Project("{FAE04EC0-301F-11D3-BF4B-00C04F79EFBC}") = "ProyectoMPOO_AlejandraSandino", "ProyectoMPOO_AlejandraSandino\ProyectoMPOO_AlejandraSandino.csproj", "{3A9322A5-1019-4778-A0D3-0B0E8A9CDC8B}"
EndProject
Project("{FAE04EC0-301F-11D3-BF4B-00C04F79EFBC}") = "EL", "EL\EL.csproj", "{973F2F32-5164-4C97-BA35-4D811700F022}"
EndProject
Project("{FAE04EC0-301F-11D3-BF4B-00C04F79EFBC}") = "DAL", "DAL\DAL.csproj", "{851B3068-B5E0-45D6-8AFB-80A9DF44C640}"
EndProject
Project("{FAE04EC0-301F-11D3-BF4B-00C04F79EFBC}") = "BLL", "BLL\BLL.csproj", "{C884A051-97FA-4479-B974-2C11BB3A47F3}"
EndProject
Project("{FAE04EC0-301F-11D3-BF4B-00C04F79EFBC}") = "UI", "UI\UI.csproj", "{1D71C828-058E-4330-8A2C-7614EF9C9BF7}"
EndProject
Global
	GlobalSection(SolutionConfigurationPlatforms) = preSolution
		Debug|Any CPU = Debug|Any CPU
		Release|Any CPU = Release|Any CPU
	EndGlobalSection
	GlobalSection(ProjectConfigurationPlatforms) = postSolution
		{3A9322A5-1019-4778-A0D3-0B0E8A9CDC8B}.Debug|Any CPU.ActiveCfg = Debug|Any CPU
		{3A9322A5-1019-4778-A0D3-0B0E8A9CDC8B}.Debug|Any CPU.Build.0 = Debug|Any CPU
		{3A9322A5-1019-4778-A0D3-0B0E8A9CDC8B}.Release|Any CPU.ActiveCfg = Release|Any CPU
		{3A9322A5-1019-4778-A0D3-0B0E8A9CDC8B}.Release|Any CPU.Build.0 = Release|Any CPU
		{973F2F32-5164-4C97-BA35-4D811700F022}.Debug|Any CPU.ActiveCfg = Debug|Any CPU
		{973F2F32-5164-4C97-BA35-4D811700F022}.Debug|Any CPU.Build.0 = Debug|Any CPU
		{973F2F32-5164-4C97-BA35-4D811700F022}.Release|Any CPU.ActiveCfg = Release|Any CPU
		{973F2F32-5164-4C97-BA35-4D811700F022}.Release|Any CPU.Build.0 = Release|Any CPU
		{851B3068-B5E0-45D6-8AFB-80A9DF44C640}.Debug|Any CPU.ActiveCfg = Debug|Any CPU
		{851B3068-B5E0-45D6-8AFB-80A9DF44C640}.Debug|Any CPU.Build.0 = Debug|Any CPU
		{851B3068-B5E0-45D6-8AFB-80A9DF44C640}.Release|Any CPU.ActiveCfg = Release|Any CPU
		{851B3068-B5E0-45D6-8AFB-80A9DF44C640}.Release|Any CPU.Build.0 = Release|Any CPU
		{C884A051-97FA-4479-B974-2C11BB3A47F3}.Debug|Any CPU.ActiveCfg = Debug|Any CPU
		{C884A051-97FA-4479-B974-2C11BB3A47F3}.Debug|Any CPU.Build.0 = Debug|Any CPU
		{C884A051-97FA-4479-B974-2C11BB3A47F3}.Release|Any CPU.ActiveCfg = Release|Any CPU
		{C884A051-97FA-4479-B974-2C11BB3A47F3}.Release|Any CPU.Build.0 = Release|Any CPU
		{1D71C828-058E-4330-8A2C-7614EF9C9BF7}.Debug|Any CPU.ActiveCfg = Debug|Any CPU
		{1D71C828-058E-4330-8A2C-7614EF9C9BF7}.Debug|Any CPU.Build.0 = Debug|Any CPU
		{1D71C828-058E-4330-8A2C-7614EF9C9BF7}.Release|Any CPU.ActiveCfg = Release|Any CPU
		{1D71C828-058E-4330-8A2C-7614EF9C9BF7}.Release|Any CPU.Build.0 = Release|Any CPU
	EndGlobalSection
	GlobalSection(SolutionProperties) = preSolution
		HideSolutionNode = FALSE
	EndGlobalSection
	GlobalSection(ExtensibilityGlobals) = postSolution
		SolutionGuid = {B5CE7DF3-76B9-4A96-A24D-E6618A98E256}
	EndGlobalSection
EndGlobal
